{
  "name": "deepl-web",
  "version": "1.1.0",
  "lockfileVersion": 1,
  "requires": true,
  "dependencies": {
    "node-fetch": {
      "version": "2.6.1",
      "resolved": "https://registry.npmjs.org/node-fetch/-/node-fetch-2.6.1.tgz",
      "integrity": "sha512-V4aYg89jEoVRxRb2fJdAg8FHvI7cEyYdVAh94HH0UIK8oJxUfkjlDQN9RbMx+bEjP7+ggMiFRprSti032Oipxw=="
    },
    "simple-json-db": {
      "version": "1.2.3",
      "resolved": "https://registry.npmjs.org/simple-json-db/-/simple-json-db-1.2.3.tgz",
      "integrity": "sha512-eL8u7YkcHidSaUvmolPooTPjxvMYd+IglSaxjnf13Tg1KQXcpoXlLOa38n4LillfQhgJuCgmUbCYERPl5fmY+w=="
    }
  }
}
